<?xml version="1.0" encoding="utf-8"?>
<Project ToolsVersion="4.0" xmlns="http://schemas.microsoft.com/developer/msbuild/2003">
  <ItemGroup>
    <Filter Include="Source Files">
      <UniqueIdentifier>{4FC737F1-C7A5-4376-A066-2A32D752A2FF}</UniqueIdentifier>
      <Extensions>cpp;c;cc;cxx;def;odl;idl;hpj;bat;asm;asmx</Extensions>
    </Filter>
    <Filter Include="Header Files">
      <UniqueIdentifier>{93995380-89BD-4b04-88EB-625FBE52EBFB}</UniqueIdentifier>
      <Extensions>h;hh;hpp;hxx;hm;inl;inc;xsd</Extensions>
    </Filter>
    <Filter Include="Resource Files">
      <UniqueIdentifier>{67DA6AB6-F800-4c08-8B7A-83BB121AAD01}</UniqueIdentifier>
      <Extensions>rc;ico;cur;bmp;dlg;rc2;rct;bin;rgs;gif;jpg;jpeg;jpe;resx;tiff;tif;png;wav;mfcribbon-ms</Extensions>
    </Filter>
    <Filter Include="Header Files\system">
      <UniqueIdentifier>{9540edff-8076-4cda-bebd-dac677cb1288}</UniqueIdentifier>
    </Filter>
    <Filter Include="Source Files\system">
      <UniqueIdentifier>{7bf8636c-7d44-4d12-a0ad-e598758f536a}</UniqueIdentifier>
    </Filter>
    <Filter Include="Header Files\input">
      <UniqueIdentifier>{c374a869-4c4d-4085-b1ca-9aa7e86e8181}</UniqueIdentifier>
    </Filter>
    <Filter Include="Source Files\input">
      <UniqueIdentifier>{d9d85c0e-ab6e-45bf-9e39-c9285f229c6e}</UniqueIdentifier>
    </Filter>
    <Filter Include="Header Files\math">
      <UniqueIdentifier>{ea735c5e-9de2-45f6-9307-324a9b52e7c9}</UniqueIdentifier>
    </Filter>
    <Filter Include="Source Files\math">
      <UniqueIdentifier>{62626540-659b-4d37-9e5b-422650e4accc}</UniqueIdentifier>
    </Filter>
    <Filter Include="Header Files\video">
      <UniqueIdentifier>{1a8466b2-9b42-4cba-8ce3-761263679c70}</UniqueIdentifier>
    </Filter>
    <Filter Include="Source Files\video">
      <UniqueIdentifier>{31854b91-7876-4090-b1cf-618dbfab8672}</UniqueIdentifier>
    </Filter>
    <Filter Include="Header Files\util">
      <UniqueIdentifier>{c5365241-ad09-4e65-9db6-0d5e292abe20}</UniqueIdentifier>
    </Filter>
    <Filter Include="Source Files\util">
      <UniqueIdentifier>{8d624be1-eda0-43ea-b0f1-838ae3c4f082}</UniqueIdentifier>
    </Filter>
    <Filter Include="Header Files\engine">
      <UniqueIdentifier>{775d0327-ddfe-4f8e-89af-18d2b2e00549}</UniqueIdentifier>
    </Filter>
    <Filter Include="Source Files\engine">
      <UniqueIdentifier>{ed696220-105e-4b0c-a693-a2181f7c0410}</UniqueIdentifier>
    </Filter>
  </ItemGroup>
  <ItemGroup>
    <Text Include="..\src\dukat\ReadMe.txt" />
  </ItemGroup>
  <ItemGroup>
    <ClInclude Include="..\src\dukat\stdafx.h">
      <Filter>Header Files</Filter>
    </ClInclude>
    <ClInclude Include="..\src\dukat\targetver.h">
      <Filter>Header Files</Filter>
    </ClInclude>
    <ClInclude Include="..\src\dukat\application.h">
      <Filter>Header Files\system</Filter>
    </ClInclude>
    <ClInclude Include="..\src\dukat\bytestream.h">
      <Filter>Header Files\system</Filter>
    </ClInclude>
    <ClInclude Include="..\src\dukat\log.h">
      <Filter>Header Files\system</Filter>
    </ClInclude>
    <ClInclude Include="..\src\dukat\perfcounter.h">
      <Filter>Header Files\system</Filter>
    </ClInclude>
    <ClInclude Include="..\src\dukat\settings.h">
      <Filter>Header Files\system</Filter>
    </ClInclude>
    <ClInclude Include="..\src\dukat\sysutil.h">
      <Filter>Header Files\system</Filter>
    </ClInclude>
    <ClInclude Include="..\src\dukat\window.h">
      <Filter>Header Files\system</Filter>
    </ClInclude>
    <ClInclude Include="..\src\dukat\devicemanager.h">
      <Filter>Header Files\input</Filter>
    </ClInclude>
    <ClInclude Include="..\src\dukat\gamepaddevice.h">
      <Filter>Header Files\input</Filter>
    </ClInclude>
    <ClInclude Include="..\src\dukat\inputdevice.h">
      <Filter>Header Files\input</Filter>
    </ClInclude>
    <ClInclude Include="..\src\dukat\keyboarddevice.h">
      <Filter>Header Files\input</Filter>
    </ClInclude>
    <ClInclude Include="..\src\dukat\xboxdevice.h">
      <Filter>Header Files\input</Filter>
    </ClInclude>
    <ClInclude Include="..\src\dukat\boundingsphere.h">
      <Filter>Header Files\math</Filter>
    </ClInclude>
    <ClInclude Include="..\src\dukat\eulerangles.h">
      <Filter>Header Files\math</Filter>
    </ClInclude>
    <ClInclude Include="..\src\dukat\geometry.h">
      <Filter>Header Files\math</Filter>
    </ClInclude>
    <ClInclude Include="..\src\dukat\mathutil.h">
      <Filter>Header Files\math</Filter>
    </ClInclude>
    <ClInclude Include="..\src\dukat\matrix4.h">
      <Filter>Header Files\math</Filter>
    </ClInclude>
    <ClInclude Include="..\src\dukat\plane.h">
      <Filter>Header Files\math</Filter>
    </ClInclude>
    <ClInclude Include="..\src\dukat\quaternion.h">
      <Filter>Header Files\math</Filter>
    </ClInclude>
    <ClInclude Include="..\src\dukat\vector3.h">
      <Filter>Header Files\math</Filter>
    </ClInclude>
    <ClInclude Include="..\src\dukat\texturecache.h">
      <Filter>Header Files\video</Filter>
    </ClInclude>
    <ClInclude Include="..\src\dukat\surface.h">
      <Filter>Header Files\video</Filter>
    </ClInclude>
    <ClInclude Include="..\src\dukat\aabb3.h">
      <Filter>Header Files\math</Filter>
    </ClInclude>
    <ClInclude Include="..\src\dukat\boundingbody3.h">
      <Filter>Header Files\math</Filter>
    </ClInclude>
    <ClInclude Include="..\src\dukat\transform3.h">
      <Filter>Header Files\math</Filter>
    </ClInclude>
    <ClInclude Include="..\src\dukat\shadercache.h">
      <Filter>Header Files\video</Filter>
    </ClInclude>
    <ClInclude Include="..\src\dukat\buffers.h">
      <Filter>Header Files\video</Filter>
    </ClInclude>
    <ClInclude Include="..\src\dukat\shaderprogram.h">
      <Filter>Header Files\video</Filter>
    </ClInclude>
    <ClInclude Include="..\src\dukat\vertextypes2.h">
      <Filter>Header Files\video</Filter>
    </ClInclude>
    <ClInclude Include="..\src\dukat\renderer2.h">
      <Filter>Header Files\video</Filter>
    </ClInclude>
    <ClInclude Include="..\src\dukat\renderlayer2.h">
      <Filter>Header Files\video</Filter>
    </ClInclude>
    <ClInclude Include="..\src\dukat\camera2.h">
      <Filter>Header Files\video</Filter>
    </ClInclude>
    <ClInclude Include="..\src\dukat\sprite.h">
      <Filter>Header Files\video</Filter>
    </ClInclude>
    <ClInclude Include="..\src\dukat\aabb2.h">
      <Filter>Header Files\math</Filter>
    </ClInclude>
    <ClInclude Include="..\src\dukat\matrix2.h">
      <Filter>Header Files\math</Filter>
    </ClInclude>
    <ClInclude Include="..\src\dukat\ray2.h">
      <Filter>Header Files\math</Filter>
    </ClInclude>
    <ClInclude Include="..\src\dukat\transform2.h">
      <Filter>Header Files\math</Filter>
    </ClInclude>
    <ClInclude Include="..\src\dukat\vector2.h">
      <Filter>Header Files\math</Filter>
    </ClInclude>
    <ClInclude Include="..\src\dukat\ray3.h">
      <Filter>Header Files\math</Filter>
    </ClInclude>
    <ClInclude Include="..\src\dukat\rect.h">
      <Filter>Header Files\math</Filter>
    </ClInclude>
    <ClInclude Include="..\src\dukat\color.h">
      <Filter>Header Files\video</Filter>
    </ClInclude>
    <ClInclude Include="..\src\dukat\light.h">
      <Filter>Header Files\video</Filter>
    </ClInclude>
    <ClInclude Include="..\src\dukat\renderer3.h">
      <Filter>Header Files\video</Filter>
    </ClInclude>
    <ClInclude Include="..\src\dukat\renderer.h">
      <Filter>Header Files\video</Filter>
    </ClInclude>
    <ClInclude Include="..\src\dukat\camera3.h">
      <Filter>Header Files\video</Filter>
    </ClInclude>
    <ClInclude Include="..\src\dukat\particle.h">
      <Filter>Header Files\video</Filter>
    </ClInclude>
    <ClInclude Include="..\src\dukat\mesh.h">
      <Filter>Header Files\video</Filter>
    </ClInclude>
    <ClInclude Include="..\src\dukat\meshbuilder2.h">
      <Filter>Header Files\video</Filter>
    </ClInclude>
    <ClInclude Include="..\src\dukat\meshbuilder3.h">
      <Filter>Header Files\video</Filter>
    </ClInclude>
    <ClInclude Include="..\src\dukat\vertextypes3.h">
      <Filter>Header Files\video</Filter>
    </ClInclude>
    <ClInclude Include="..\src\dukat\particlemanager.h">
      <Filter>Header Files\video</Filter>
    </ClInclude>
    <ClInclude Include="..\src\dukat\meshinstance.h">
      <Filter>Header Files\video</Filter>
    </ClInclude>
    <ClInclude Include="..\src\dukat\material.h">
      <Filter>Header Files\video</Filter>
    </ClInclude>
    <ClInclude Include="..\src\dukat\meshgroup.h">
      <Filter>Header Files\video</Filter>
    </ClInclude>
    <ClInclude Include="..\src\dukat\timermanager.h">
      <Filter>Header Files\system</Filter>
    </ClInclude>
    <ClInclude Include="..\src\dukat\dds.h">
      <Filter>Header Files\util</Filter>
    </ClInclude>
    <ClInclude Include="..\src\dukat\meshcache.h">
      <Filter>Header Files\video</Filter>
    </ClInclude>
    <ClInclude Include="..\src\dukat\recipient.h">
      <Filter>Header Files\engine</Filter>
    </ClInclude>
    <ClInclude Include="..\src\dukat\boundingbody2.h">
      <Filter>Header Files\math</Filter>
    </ClInclude>
    <ClInclude Include="..\src\dukat\obb2.h">
      <Filter>Header Files\math</Filter>
    </ClInclude>
    <ClInclude Include="..\src\dukat\textmeshbuilder.h">
      <Filter>Header Files\video</Filter>
    </ClInclude>
    <ClInclude Include="..\src\dukat\game2.h">
      <Filter>Header Files\engine</Filter>
    </ClInclude>
    <ClInclude Include="..\src\dukat\gamebase.h">
      <Filter>Header Files\engine</Filter>
    </ClInclude>
    <ClInclude Include="..\src\dukat\effect2.h">
      <Filter>Header Files\video</Filter>
    </ClInclude>
    <ClInclude Include="..\src\dukat\game3.h">
      <Filter>Header Files\engine</Filter>
    </ClInclude>
    <ClInclude Include="..\src\dukat\component.h">
      <Filter>Header Files\engine</Filter>
    </ClInclude>
    <ClInclude Include="..\src\dukat\messenger.h">
      <Filter>Header Files\engine</Filter>
    </ClInclude>
    <ClInclude Include="..\src\dukat\event.h">
      <Filter>Header Files\engine</Filter>
    </ClInclude>
    <ClInclude Include="..\src\dukat\textmeshinstance.h">
      <Filter>Header Files\video</Filter>
    </ClInclude>
    <ClInclude Include="..\src\dukat\animation.h">
      <Filter>Header Files\system</Filter>
    </ClInclude>
    <ClInclude Include="..\src\dukat\animationmanager.h">
      <Filter>Header Files\system</Filter>
    </ClInclude>
    <ClInclude Include="..\src\dukat\effect3.h">
      <Filter>Header Files\video</Filter>
    </ClInclude>
  </ItemGroup>
  <ItemGroup>
    <ClCompile Include="..\src\dukat\stdafx.cpp">
      <Filter>Source Files</Filter>
    </ClCompile>
    <ClCompile Include="..\src\dukat\application.cpp">
      <Filter>Source Files\system</Filter>
    </ClCompile>
    <ClCompile Include="..\src\dukat\log.cpp">
      <Filter>Source Files\system</Filter>
    </ClCompile>
    <ClCompile Include="..\src\dukat\perfcounter.cpp">
      <Filter>Source Files\system</Filter>
    </ClCompile>
    <ClCompile Include="..\src\dukat\settings.cpp">
      <Filter>Source Files\system</Filter>
    </ClCompile>
    <ClCompile Include="..\src\dukat\sysutil.cpp">
      <Filter>Source Files\system</Filter>
    </ClCompile>
    <ClCompile Include="..\src\dukat\window.cpp">
      <Filter>Source Files\system</Filter>
    </ClCompile>
    <ClCompile Include="..\src\dukat\devicemanager.cpp">
      <Filter>Source Files\input</Filter>
    </ClCompile>
    <ClCompile Include="..\src\dukat\gamepaddevice.cpp">
      <Filter>Source Files\input</Filter>
    </ClCompile>
    <ClCompile Include="..\src\dukat\inputdevice.cpp">
      <Filter>Source Files\input</Filter>
    </ClCompile>
    <ClCompile Include="..\src\dukat\keyboarddevice.cpp">
      <Filter>Source Files\input</Filter>
    </ClCompile>
    <ClCompile Include="..\src\dukat\xboxdevice.cpp">
      <Filter>Source Files\input</Filter>
    </ClCompile>
    <ClCompile Include="..\src\dukat\matrix4.cpp">
      <Filter>Source Files\math</Filter>
    </ClCompile>
    <ClCompile Include="..\src\dukat\quaternion.cpp">
      <Filter>Source Files\math</Filter>
    </ClCompile>
    <ClCompile Include="..\src\dukat\vector3.cpp">
      <Filter>Source Files\math</Filter>
    </ClCompile>
    <ClCompile Include="..\src\dukat\boundingsphere.cpp">
      <Filter>Source Files\math</Filter>
    </ClCompile>
    <ClCompile Include="..\src\dukat\eulerangles.cpp">
      <Filter>Source Files\math</Filter>
    </ClCompile>
    <ClCompile Include="..\src\dukat\geometry.cpp">
      <Filter>Source Files\math</Filter>
    </ClCompile>
    <ClCompile Include="..\src\dukat\mathutil.cpp">
      <Filter>Source Files\math</Filter>
    </ClCompile>
    <ClCompile Include="..\src\dukat\texturecache.cpp">
      <Filter>Source Files\video</Filter>
    </ClCompile>
    <ClCompile Include="..\src\dukat\surface.cpp">
      <Filter>Source Files\video</Filter>
    </ClCompile>
    <ClCompile Include="..\src\dukat\aabb3.cpp">
      <Filter>Source Files\math</Filter>
    </ClCompile>
    <ClCompile Include="..\src\dukat\transform3.cpp">
      <Filter>Source Files\math</Filter>
    </ClCompile>
    <ClCompile Include="..\src\dukat\shadercache.cpp">
      <Filter>Source Files\video</Filter>
    </ClCompile>
    <ClCompile Include="..\src\dukat\buffers.cpp">
      <Filter>Source Files\video</Filter>
    </ClCompile>
    <ClCompile Include="..\src\dukat\shaderprogram.cpp">
      <Filter>Source Files\video</Filter>
    </ClCompile>
    <ClCompile Include="..\src\dukat\renderer2.cpp">
      <Filter>Source Files\video</Filter>
    </ClCompile>
    <ClCompile Include="..\src\dukat\renderlayer2.cpp">
      <Filter>Source Files\video</Filter>
    </ClCompile>
    <ClCompile Include="..\src\dukat\camera2.cpp">
      <Filter>Source Files\video</Filter>
    </ClCompile>
    <ClCompile Include="..\src\dukat\sprite.cpp">
      <Filter>Source Files\video</Filter>
    </ClCompile>
    <ClCompile Include="..\src\dukat\aabb2.cpp">
      <Filter>Source Files\math</Filter>
    </ClCompile>
    <ClCompile Include="..\src\dukat\matrix2.cpp">
      <Filter>Source Files\math</Filter>
    </ClCompile>
    <ClCompile Include="..\src\dukat\vector2.cpp">
      <Filter>Source Files\math</Filter>
    </ClCompile>
    <ClCompile Include="..\src\dukat\ray3.cpp">
      <Filter>Source Files\math</Filter>
    </ClCompile>
    <ClCompile Include="..\src\dukat\renderer3.cpp">
      <Filter>Source Files\video</Filter>
    </ClCompile>
    <ClCompile Include="..\src\dukat\renderer.cpp">
      <Filter>Source Files\video</Filter>
    </ClCompile>
    <ClCompile Include="..\src\dukat\mesh.cpp">
      <Filter>Source Files\video</Filter>
    </ClCompile>
    <ClCompile Include="..\src\dukat\meshbuilder2.cpp">
      <Filter>Source Files\video</Filter>
    </ClCompile>
    <ClCompile Include="..\src\dukat\meshbuilder3.cpp">
      <Filter>Source Files\video</Filter>
    </ClCompile>
    <ClCompile Include="..\src\dukat\particlemanager.cpp">
      <Filter>Source Files\video</Filter>
    </ClCompile>
    <ClCompile Include="..\src\dukat\meshinstance.cpp">
      <Filter>Source Files\video</Filter>
    </ClCompile>
    <ClCompile Include="..\src\dukat\meshgroup.cpp">
      <Filter>Source Files\video</Filter>
    </ClCompile>
    <ClCompile Include="..\src\dukat\timermanager.cpp">
      <Filter>Source Files\system</Filter>
    </ClCompile>
    <ClCompile Include="..\src\dukat\camera3.cpp">
      <Filter>Source Files\video</Filter>
    </ClCompile>
    <ClCompile Include="..\src\dukat\dds.cpp">
      <Filter>Source Files\util</Filter>
    </ClCompile>
    <ClCompile Include="..\src\dukat\meshcache.cpp">
      <Filter>Source Files\video</Filter>
    </ClCompile>
    <ClCompile Include="..\src\dukat\obb2.cpp">
      <Filter>Source Files\math</Filter>
    </ClCompile>
    <ClCompile Include="..\src\dukat\textmeshbuilder.cpp">
      <Filter>Source Files\video</Filter>
    </ClCompile>
    <ClCompile Include="..\src\dukat\gamebase.cpp">
      <Filter>Source Files\engine</Filter>
    </ClCompile>
    <ClCompile Include="..\src\dukat\game2.cpp">
      <Filter>Source Files\engine</Filter>
    </ClCompile>
    <ClCompile Include="..\src\dukat\game3.cpp">
      <Filter>Source Files\engine</Filter>
    </ClCompile>
    <ClCompile Include="..\src\dukat\messenger.cpp">
      <Filter>Source Files\engine</Filter>
    </ClCompile>
    <ClCompile Include="..\src\dukat\textmeshinstance.cpp">
      <Filter>Source Files\video</Filter>
    </ClCompile>
    <ClCompile Include="..\src\dukat\animationmanager.cpp">
      <Filter>Source Files\system</Filter>
    </ClCompile>
  </ItemGroup>
</Project>