
Microsoft Visual Studio Solution File, Format Version 12.00
# Visual Studio Version 16
VisualStudioVersion = 16.0.29806.167
MinimumVisualStudioVersion = 10.0.40219.1
Project("{8BC9CEB8-8B4A-11D0-8D11-00A0C91BC942}") = "dukat", "dukat.vcxproj", "{CE6B4C48-3A3A-4E5C-BF6A-8498CB902A17}"
EndProject
Project("{8BC9CEB8-8B4A-11D0-8D11-00A0C91BC942}") = "surface", "..\examples\surface\surface.vcxproj", "{B5E7E24F-937F-4514-B54F-00D60931D9B7}"
	ProjectSection(ProjectDependencies) = postProject
		{CE6B4C48-3A3A-4E5C-BF6A-8498CB902A17} = {CE6B4C48-3A3A-4E5C-BF6A-8498CB902A17}
	EndProjectSection
EndProject
Project("{8BC9CEB8-8B4A-11D0-8D11-00A0C91BC942}") = "text", "..\examples\text\text.vcxproj", "{4E98917F-51EB-49A0-858D-41437CE6F212}"
	ProjectSection(ProjectDependencies) = postProject
		{CE6B4C48-3A3A-4E5C-BF6A-8498CB902A17} = {CE6B4C48-3A3A-4E5C-BF6A-8498CB902A17}
	EndProjectSection
EndProject
Project("{8BC9CEB8-8B4A-11D0-8D11-00A0C91BC942}") = "room", "..\examples\room\room.vcxproj", "{84194A2F-9755-4489-BC1D-97AFF1DD4FE2}"
	ProjectSection(ProjectDependencies) = postProject
		{CE6B4C48-3A3A-4E5C-BF6A-8498CB902A17} = {CE6B4C48-3A3A-4E5C-BF6A-8498CB902A17}
	EndProjectSection
EndProject
Project("{8BC9CEB8-8B4A-11D0-8D11-00A0C91BC942}") = "octree", "..\examples\octree\octree.vcxproj", "{6C6DD4ED-8ABB-4F4C-A7E1-4938BBC84F6A}"
	ProjectSection(ProjectDependencies) = postProject
		{CE6B4C48-3A3A-4E5C-BF6A-8498CB902A17} = {CE6B4C48-3A3A-4E5C-BF6A-8498CB902A17}
	EndProjectSection
EndProject
Project("{8BC9CEB8-8B4A-11D0-8D11-00A0C91BC942}") = "terrain", "..\examples\terrain\terrain.vcxproj", "{37B1064D-A569-4EC0-83D1-B3D8C96DD9F0}"
	ProjectSection(ProjectDependencies) = postProject
		{CE6B4C48-3A3A-4E5C-BF6A-8498CB902A17} = {CE6B4C48-3A3A-4E5C-BF6A-8498CB902A17}
	EndProjectSection
EndProject
Project("{8BC9CEB8-8B4A-11D0-8D11-00A0C91BC942}") = "sprites", "..\examples\sprites\sprites.vcxproj", "{FD9EAD84-427F-4DBF-B6F4-BF1BE1D3B5BA}"
	ProjectSection(ProjectDependencies) = postProject
		{CE6B4C48-3A3A-4E5C-BF6A-8498CB902A17} = {CE6B4C48-3A3A-4E5C-BF6A-8498CB902A17}
	EndProjectSection
EndProject
Project("{8BC9CEB8-8B4A-11D0-8D11-00A0C91BC942}") = "mapgen", "..\examples\mapgen\mapgen.vcxproj", "{CDEA8FD1-5487-491C-828F-5D18B490C66A}"
	ProjectSection(ProjectDependencies) = postProject
		{CE6B4C48-3A3A-4E5C-BF6A-8498CB902A17} = {CE6B4C48-3A3A-4E5C-BF6A-8498CB902A17}
	EndProjectSection
EndProject
Project("{8BC9CEB8-8B4A-11D0-8D11-00A0C91BC942}") = "heatmap", "..\examples\heatmap\heatmap.vcxproj", "{CB154FCE-824E-4CBC-A1D2-A51663701DCB}"
	ProjectSection(ProjectDependencies) = postProject
		{CE6B4C48-3A3A-4E5C-BF6A-8498CB902A17} = {CE6B4C48-3A3A-4E5C-BF6A-8498CB902A17}
	EndProjectSection
EndProject
Project("{8BC9CEB8-8B4A-11D0-8D11-00A0C91BC942}") = "grid", "..\examples\grid\grid.vcxproj", "{E393C321-32FD-4B83-893F-A6347B21C620}"
	ProjectSection(ProjectDependencies) = postProject
		{CE6B4C48-3A3A-4E5C-BF6A-8498CB902A17} = {CE6B4C48-3A3A-4E5C-BF6A-8498CB902A17}
	EndProjectSection
EndProject
Project("{8BC9CEB8-8B4A-11D0-8D11-00A0C91BC942}") = "lighting", "..\examples\lighting\lighting.vcxproj", "{FC0AD009-FFB5-44ED-A5DD-59113CC0CB74}"
	ProjectSection(ProjectDependencies) = postProject
		{CE6B4C48-3A3A-4E5C-BF6A-8498CB902A17} = {CE6B4C48-3A3A-4E5C-BF6A-8498CB902A17}
	EndProjectSection
EndProject
Project("{8BC9CEB8-8B4A-11D0-8D11-00A0C91BC942}") = "skydome", "..\examples\skydome\skydome.vcxproj", "{4CB59389-4EE7-46D9-9B1D-AA62BC28E78C}"
	ProjectSection(ProjectDependencies) = postProject
		{CE6B4C48-3A3A-4E5C-BF6A-8498CB902A17} = {CE6B4C48-3A3A-4E5C-BF6A-8498CB902A17}
	EndProjectSection
EndProject
Project("{8BC9CEB8-8B4A-11D0-8D11-00A0C91BC942}") = "framebuffer", "..\examples\framebuffer\framebuffer.vcxproj", "{BC48F329-BCD6-45DF-B609-6D8F8F1C7BC2}"
	ProjectSection(ProjectDependencies) = postProject
		{CE6B4C48-3A3A-4E5C-BF6A-8498CB902A17} = {CE6B4C48-3A3A-4E5C-BF6A-8498CB902A17}
	EndProjectSection
EndProject
Project("{8BC9CEB8-8B4A-11D0-8D11-00A0C91BC942}") = "modelviewer", "..\examples\modelviewer\modelviewer.vcxproj", "{CFC3954E-2AA9-4D34-B870-9B927C2DE3FF}"
	ProjectSection(ProjectDependencies) = postProject
		{CE6B4C48-3A3A-4E5C-BF6A-8498CB902A17} = {CE6B4C48-3A3A-4E5C-BF6A-8498CB902A17}
	EndProjectSection
EndProject
Project("{8BC9CEB8-8B4A-11D0-8D11-00A0C91BC942}") = "waves", "..\examples\waves\waves.vcxproj", "{B70D658E-64A0-4E78-95E6-98BD1A4D0A9D}"
	ProjectSection(ProjectDependencies) = postProject
		{CE6B4C48-3A3A-4E5C-BF6A-8498CB902A17} = {CE6B4C48-3A3A-4E5C-BF6A-8498CB902A17}
	EndProjectSection
EndProject
Project("{8BC9CEB8-8B4A-11D0-8D11-00A0C91BC942}") = "scenes", "..\examples\scenes\scenes.vcxproj", "{1270B9EB-9630-494A-9DBB-6CF3CD391D29}"
	ProjectSection(ProjectDependencies) = postProject
		{CE6B4C48-3A3A-4E5C-BF6A-8498CB902A17} = {CE6B4C48-3A3A-4E5C-BF6A-8498CB902A17}
	EndProjectSection
EndProject
Project("{8BC9CEB8-8B4A-11D0-8D11-00A0C91BC942}") = "flocking", "..\examples\flocking\flocking.vcxproj", "{9CF2F0A1-B568-46A3-A89C-180C7A09F745}"
	ProjectSection(ProjectDependencies) = postProject
		{CE6B4C48-3A3A-4E5C-BF6A-8498CB902A17} = {CE6B4C48-3A3A-4E5C-BF6A-8498CB902A17}
	EndProjectSection
EndProject
Project("{8BC9CEB8-8B4A-11D0-8D11-00A0C91BC942}") = "collision", "..\examples\collision\collision.vcxproj", "{F172A060-0539-4853-A4A2-B4A1172A7ABD}"
	ProjectSection(ProjectDependencies) = postProject
		{CE6B4C48-3A3A-4E5C-BF6A-8498CB902A17} = {CE6B4C48-3A3A-4E5C-BF6A-8498CB902A17}
	EndProjectSection
EndProject
Project("{8BC9CEB8-8B4A-11D0-8D11-00A0C91BC942}") = "input", "..\examples\input\input.vcxproj", "{ECE23F19-46EC-4548-AF25-EAC4AF241D6E}"
	ProjectSection(ProjectDependencies) = postProject
		{CE6B4C48-3A3A-4E5C-BF6A-8498CB902A17} = {CE6B4C48-3A3A-4E5C-BF6A-8498CB902A17}
	EndProjectSection
EndProject
Project("{8BC9CEB8-8B4A-11D0-8D11-00A0C91BC942}") = "layers", "..\examples\layers\layers.vcxproj", "{1BFC542F-5286-46D8-BB48-A7F9468D496D}"
	ProjectSection(ProjectDependencies) = postProject
		{CE6B4C48-3A3A-4E5C-BF6A-8498CB902A17} = {CE6B4C48-3A3A-4E5C-BF6A-8498CB902A17}
	EndProjectSection
EndProject
Project("{8BC9CEB8-8B4A-11D0-8D11-00A0C91BC942}") = "hello", "..\examples\hello\hello.vcxproj", "{4C6B1410-6869-4F20-AE0E-8FB9479E0817}"
	ProjectSection(ProjectDependencies) = postProject
		{CE6B4C48-3A3A-4E5C-BF6A-8498CB902A17} = {CE6B4C48-3A3A-4E5C-BF6A-8498CB902A17}
	EndProjectSection
EndProject
Project("{8BC9CEB8-8B4A-11D0-8D11-00A0C91BC942}") = "particles", "..\examples\particles\particles.vcxproj", "{A118E54B-875D-47E4-9E75-20C0825CACC3}"
	ProjectSection(ProjectDependencies) = postProject
		{CE6B4C48-3A3A-4E5C-BF6A-8498CB902A17} = {CE6B4C48-3A3A-4E5C-BF6A-8498CB902A17}
	EndProjectSection
EndProject
Project("{8BC9CEB8-8B4A-11D0-8D11-00A0C91BC942}") = "scrolling", "..\examples\scrolling\scrolling.vcxproj", "{27BD048A-CE04-4763-A230-9D84EBF72CE8}"
	ProjectSection(ProjectDependencies) = postProject
		{CE6B4C48-3A3A-4E5C-BF6A-8498CB902A17} = {CE6B4C48-3A3A-4E5C-BF6A-8498CB902A17}
	EndProjectSection
EndProject
Project("{8BC9CEB8-8B4A-11D0-8D11-00A0C91BC942}") = "fullscreenfx", "..\examples\fullscreenfx\fullscreenfx.vcxproj", "{FE8DEE57-8883-4C29-B9B0-1BFC8776D557}"
	ProjectSection(ProjectDependencies) = postProject
		{CE6B4C48-3A3A-4E5C-BF6A-8498CB902A17} = {CE6B4C48-3A3A-4E5C-BF6A-8498CB902A17}
	EndProjectSection
EndProject
Project("{8BC9CEB8-8B4A-11D0-8D11-00A0C91BC942}") = "lighting2d", "..\examples\lighting2d\lighting2d.vcxproj", "{4C6B1410-6869-4F20-AE0E-8FBF479E0817}"
	ProjectSection(ProjectDependencies) = postProject
		{CE6B4C48-3A3A-4E5C-BF6A-8498CB902A17} = {CE6B4C48-3A3A-4E5C-BF6A-8498CB902A17}
	EndProjectSection
EndProject
Global
	GlobalSection(SolutionConfigurationPlatforms) = preSolution
		Debug|x64 = Debug|x64
		Debug|x86 = Debug|x86
		Release|x64 = Release|x64
		Release|x86 = Release|x86
	EndGlobalSection
	GlobalSection(ProjectConfigurationPlatforms) = postSolution
		{CE6B4C48-3A3A-4E5C-BF6A-8498CB902A17}.Debug|x64.ActiveCfg = Debug|x64
		{CE6B4C48-3A3A-4E5C-BF6A-8498CB902A17}.Debug|x64.Build.0 = Debug|x64
		{CE6B4C48-3A3A-4E5C-BF6A-8498CB902A17}.Debug|x86.ActiveCfg = Debug|Win32
		{CE6B4C48-3A3A-4E5C-BF6A-8498CB902A17}.Debug|x86.Build.0 = Debug|Win32
		{CE6B4C48-3A3A-4E5C-BF6A-8498CB902A17}.Release|x64.ActiveCfg = Release|x64
		{CE6B4C48-3A3A-4E5C-BF6A-8498CB902A17}.Release|x64.Build.0 = Release|x64
		{CE6B4C48-3A3A-4E5C-BF6A-8498CB902A17}.Release|x86.ActiveCfg = Release|Win32
		{CE6B4C48-3A3A-4E5C-BF6A-8498CB902A17}.Release|x86.Build.0 = Release|Win32
		{B5E7E24F-937F-4514-B54F-00D60931D9B7}.Debug|x64.ActiveCfg = Debug|x64
		{B5E7E24F-937F-4514-B54F-00D60931D9B7}.Debug|x64.Build.0 = Debug|x64
		{B5E7E24F-937F-4514-B54F-00D60931D9B7}.Debug|x86.ActiveCfg = Debug|Win32
		{B5E7E24F-937F-4514-B54F-00D60931D9B7}.Debug|x86.Build.0 = Debug|Win32
		{B5E7E24F-937F-4514-B54F-00D60931D9B7}.Release|x64.ActiveCfg = Release|x64
		{B5E7E24F-937F-4514-B54F-00D60931D9B7}.Release|x64.Build.0 = Release|x64
		{B5E7E24F-937F-4514-B54F-00D60931D9B7}.Release|x86.ActiveCfg = Release|Win32
		{B5E7E24F-937F-4514-B54F-00D60931D9B7}.Release|x86.Build.0 = Release|Win32
		{4E98917F-51EB-49A0-858D-41437CE6F212}.Debug|x64.ActiveCfg = Debug|x64
		{4E98917F-51EB-49A0-858D-41437CE6F212}.Debug|x64.Build.0 = Debug|x64
		{4E98917F-51EB-49A0-858D-41437CE6F212}.Debug|x86.ActiveCfg = Debug|Win32
		{4E98917F-51EB-49A0-858D-41437CE6F212}.Debug|x86.Build.0 = Debug|Win32
		{4E98917F-51EB-49A0-858D-41437CE6F212}.Release|x64.ActiveCfg = Release|x64
		{4E98917F-51EB-49A0-858D-41437CE6F212}.Release|x64.Build.0 = Release|x64
		{4E98917F-51EB-49A0-858D-41437CE6F212}.Release|x86.ActiveCfg = Release|Win32
		{4E98917F-51EB-49A0-858D-41437CE6F212}.Release|x86.Build.0 = Release|Win32
		{84194A2F-9755-4489-BC1D-97AFF1DD4FE2}.Debug|x64.ActiveCfg = Debug|x64
		{84194A2F-9755-4489-BC1D-97AFF1DD4FE2}.Debug|x64.Build.0 = Debug|x64
		{84194A2F-9755-4489-BC1D-97AFF1DD4FE2}.Debug|x86.ActiveCfg = Debug|Win32
		{84194A2F-9755-4489-BC1D-97AFF1DD4FE2}.Debug|x86.Build.0 = Debug|Win32
		{84194A2F-9755-4489-BC1D-97AFF1DD4FE2}.Release|x64.ActiveCfg = Release|x64
		{84194A2F-9755-4489-BC1D-97AFF1DD4FE2}.Release|x64.Build.0 = Release|x64
		{84194A2F-9755-4489-BC1D-97AFF1DD4FE2}.Release|x86.ActiveCfg = Release|Win32
		{84194A2F-9755-4489-BC1D-97AFF1DD4FE2}.Release|x86.Build.0 = Release|Win32
		{6C6DD4ED-8ABB-4F4C-A7E1-4938BBC84F6A}.Debug|x64.ActiveCfg = Debug|x64
		{6C6DD4ED-8ABB-4F4C-A7E1-4938BBC84F6A}.Debug|x64.Build.0 = Debug|x64
		{6C6DD4ED-8ABB-4F4C-A7E1-4938BBC84F6A}.Debug|x86.ActiveCfg = Debug|Win32
		{6C6DD4ED-8ABB-4F4C-A7E1-4938BBC84F6A}.Debug|x86.Build.0 = Debug|Win32
		{6C6DD4ED-8ABB-4F4C-A7E1-4938BBC84F6A}.Release|x64.ActiveCfg = Release|x64
		{6C6DD4ED-8ABB-4F4C-A7E1-4938BBC84F6A}.Release|x64.Build.0 = Release|x64
		{6C6DD4ED-8ABB-4F4C-A7E1-4938BBC84F6A}.Release|x86.ActiveCfg = Release|Win32
		{6C6DD4ED-8ABB-4F4C-A7E1-4938BBC84F6A}.Release|x86.Build.0 = Release|Win32
		{37B1064D-A569-4EC0-83D1-B3D8C96DD9F0}.Debug|x64.ActiveCfg = Debug|x64
		{37B1064D-A569-4EC0-83D1-B3D8C96DD9F0}.Debug|x64.Build.0 = Debug|x64
		{37B1064D-A569-4EC0-83D1-B3D8C96DD9F0}.Debug|x86.ActiveCfg = Debug|Win32
		{37B1064D-A569-4EC0-83D1-B3D8C96DD9F0}.Debug|x86.Build.0 = Debug|Win32
		{37B1064D-A569-4EC0-83D1-B3D8C96DD9F0}.Release|x64.ActiveCfg = Release|x64
		{37B1064D-A569-4EC0-83D1-B3D8C96DD9F0}.Release|x64.Build.0 = Release|x64
		{37B1064D-A569-4EC0-83D1-B3D8C96DD9F0}.Release|x86.ActiveCfg = Release|Win32
		{37B1064D-A569-4EC0-83D1-B3D8C96DD9F0}.Release|x86.Build.0 = Release|Win32
		{FD9EAD84-427F-4DBF-B6F4-BF1BE1D3B5BA}.Debug|x64.ActiveCfg = Debug|x64
		{FD9EAD84-427F-4DBF-B6F4-BF1BE1D3B5BA}.Debug|x64.Build.0 = Debug|x64
		{FD9EAD84-427F-4DBF-B6F4-BF1BE1D3B5BA}.Debug|x86.ActiveCfg = Debug|Win32
		{FD9EAD84-427F-4DBF-B6F4-BF1BE1D3B5BA}.Debug|x86.Build.0 = Debug|Win32
		{FD9EAD84-427F-4DBF-B6F4-BF1BE1D3B5BA}.Release|x64.ActiveCfg = Release|x64
		{FD9EAD84-427F-4DBF-B6F4-BF1BE1D3B5BA}.Release|x64.Build.0 = Release|x64
		{FD9EAD84-427F-4DBF-B6F4-BF1BE1D3B5BA}.Release|x86.ActiveCfg = Release|Win32
		{FD9EAD84-427F-4DBF-B6F4-BF1BE1D3B5BA}.Release|x86.Build.0 = Release|Win32
		{CDEA8FD1-5487-491C-828F-5D18B490C66A}.Debug|x64.ActiveCfg = Debug|x64
		{CDEA8FD1-5487-491C-828F-5D18B490C66A}.Debug|x64.Build.0 = Debug|x64
		{CDEA8FD1-5487-491C-828F-5D18B490C66A}.Debug|x86.ActiveCfg = Debug|Win32
		{CDEA8FD1-5487-491C-828F-5D18B490C66A}.Debug|x86.Build.0 = Debug|Win32
		{CDEA8FD1-5487-491C-828F-5D18B490C66A}.Release|x64.ActiveCfg = Release|x64
		{CDEA8FD1-5487-491C-828F-5D18B490C66A}.Release|x64.Build.0 = Release|x64
		{CDEA8FD1-5487-491C-828F-5D18B490C66A}.Release|x86.ActiveCfg = Release|Win32
		{CDEA8FD1-5487-491C-828F-5D18B490C66A}.Release|x86.Build.0 = Release|Win32
		{CB154FCE-824E-4CBC-A1D2-A51663701DCB}.Debug|x64.ActiveCfg = Debug|x64
		{CB154FCE-824E-4CBC-A1D2-A51663701DCB}.Debug|x64.Build.0 = Debug|x64
		{CB154FCE-824E-4CBC-A1D2-A51663701DCB}.Debug|x86.ActiveCfg = Debug|Win32
		{CB154FCE-824E-4CBC-A1D2-A51663701DCB}.Debug|x86.Build.0 = Debug|Win32
		{CB154FCE-824E-4CBC-A1D2-A51663701DCB}.Release|x64.ActiveCfg = Release|x64
		{CB154FCE-824E-4CBC-A1D2-A51663701DCB}.Release|x64.Build.0 = Release|x64
		{CB154FCE-824E-4CBC-A1D2-A51663701DCB}.Release|x86.ActiveCfg = Release|Win32
		{CB154FCE-824E-4CBC-A1D2-A51663701DCB}.Release|x86.Build.0 = Release|Win32
		{E393C321-32FD-4B83-893F-A6347B21C620}.Debug|x64.ActiveCfg = Debug|x64
		{E393C321-32FD-4B83-893F-A6347B21C620}.Debug|x64.Build.0 = Debug|x64
		{E393C321-32FD-4B83-893F-A6347B21C620}.Debug|x86.ActiveCfg = Debug|Win32
		{E393C321-32FD-4B83-893F-A6347B21C620}.Debug|x86.Build.0 = Debug|Win32
		{E393C321-32FD-4B83-893F-A6347B21C620}.Release|x64.ActiveCfg = Release|x64
		{E393C321-32FD-4B83-893F-A6347B21C620}.Release|x64.Build.0 = Release|x64
		{E393C321-32FD-4B83-893F-A6347B21C620}.Release|x86.ActiveCfg = Release|Win32
		{E393C321-32FD-4B83-893F-A6347B21C620}.Release|x86.Build.0 = Release|Win32
		{FC0AD009-FFB5-44ED-A5DD-59113CC0CB74}.Debug|x64.ActiveCfg = Debug|x64
		{FC0AD009-FFB5-44ED-A5DD-59113CC0CB74}.Debug|x64.Build.0 = Debug|x64
		{FC0AD009-FFB5-44ED-A5DD-59113CC0CB74}.Debug|x86.ActiveCfg = Debug|Win32
		{FC0AD009-FFB5-44ED-A5DD-59113CC0CB74}.Debug|x86.Build.0 = Debug|Win32
		{FC0AD009-FFB5-44ED-A5DD-59113CC0CB74}.Release|x64.ActiveCfg = Release|x64
		{FC0AD009-FFB5-44ED-A5DD-59113CC0CB74}.Release|x64.Build.0 = Release|x64
		{FC0AD009-FFB5-44ED-A5DD-59113CC0CB74}.Release|x86.ActiveCfg = Release|Win32
		{FC0AD009-FFB5-44ED-A5DD-59113CC0CB74}.Release|x86.Build.0 = Release|Win32
		{4CB59389-4EE7-46D9-9B1D-AA62BC28E78C}.Debug|x64.ActiveCfg = Debug|x64
		{4CB59389-4EE7-46D9-9B1D-AA62BC28E78C}.Debug|x64.Build.0 = Debug|x64
		{4CB59389-4EE7-46D9-9B1D-AA62BC28E78C}.Debug|x86.ActiveCfg = Debug|Win32
		{4CB59389-4EE7-46D9-9B1D-AA62BC28E78C}.Debug|x86.Build.0 = Debug|Win32
		{4CB59389-4EE7-46D9-9B1D-AA62BC28E78C}.Release|x64.ActiveCfg = Release|x64
		{4CB59389-4EE7-46D9-9B1D-AA62BC28E78C}.Release|x64.Build.0 = Release|x64
		{4CB59389-4EE7-46D9-9B1D-AA62BC28E78C}.Release|x86.ActiveCfg = Release|Win32
		{4CB59389-4EE7-46D9-9B1D-AA62BC28E78C}.Release|x86.Build.0 = Release|Win32
		{BC48F329-BCD6-45DF-B609-6D8F8F1C7BC2}.Debug|x64.ActiveCfg = Debug|x64
		{BC48F329-BCD6-45DF-B609-6D8F8F1C7BC2}.Debug|x64.Build.0 = Debug|x64
		{BC48F329-BCD6-45DF-B609-6D8F8F1C7BC2}.Debug|x86.ActiveCfg = Debug|Win32
		{BC48F329-BCD6-45DF-B609-6D8F8F1C7BC2}.Debug|x86.Build.0 = Debug|Win32
		{BC48F329-BCD6-45DF-B609-6D8F8F1C7BC2}.Release|x64.ActiveCfg = Release|x64
		{BC48F329-BCD6-45DF-B609-6D8F8F1C7BC2}.Release|x64.Build.0 = Release|x64
		{BC48F329-BCD6-45DF-B609-6D8F8F1C7BC2}.Release|x86.ActiveCfg = Release|Win32
		{BC48F329-BCD6-45DF-B609-6D8F8F1C7BC2}.Release|x86.Build.0 = Release|Win32
		{CFC3954E-2AA9-4D34-B870-9B927C2DE3FF}.Debug|x64.ActiveCfg = Debug|x64
		{CFC3954E-2AA9-4D34-B870-9B927C2DE3FF}.Debug|x64.Build.0 = Debug|x64
		{CFC3954E-2AA9-4D34-B870-9B927C2DE3FF}.Debug|x86.ActiveCfg = Debug|Win32
		{CFC3954E-2AA9-4D34-B870-9B927C2DE3FF}.Debug|x86.Build.0 = Debug|Win32
		{CFC3954E-2AA9-4D34-B870-9B927C2DE3FF}.Release|x64.ActiveCfg = Release|x64
		{CFC3954E-2AA9-4D34-B870-9B927C2DE3FF}.Release|x64.Build.0 = Release|x64
		{CFC3954E-2AA9-4D34-B870-9B927C2DE3FF}.Release|x86.ActiveCfg = Release|Win32
		{CFC3954E-2AA9-4D34-B870-9B927C2DE3FF}.Release|x86.Build.0 = Release|Win32
		{B70D658E-64A0-4E78-95E6-98BD1A4D0A9D}.Debug|x64.ActiveCfg = Debug|x64
		{B70D658E-64A0-4E78-95E6-98BD1A4D0A9D}.Debug|x64.Build.0 = Debug|x64
		{B70D658E-64A0-4E78-95E6-98BD1A4D0A9D}.Debug|x86.ActiveCfg = Debug|Win32
		{B70D658E-64A0-4E78-95E6-98BD1A4D0A9D}.Debug|x86.Build.0 = Debug|Win32
		{B70D658E-64A0-4E78-95E6-98BD1A4D0A9D}.Release|x64.ActiveCfg = Release|x64
		{B70D658E-64A0-4E78-95E6-98BD1A4D0A9D}.Release|x64.Build.0 = Release|x64
		{B70D658E-64A0-4E78-95E6-98BD1A4D0A9D}.Release|x86.ActiveCfg = Release|Win32
		{B70D658E-64A0-4E78-95E6-98BD1A4D0A9D}.Release|x86.Build.0 = Release|Win32
		{1270B9EB-9630-494A-9DBB-6CF3CD391D29}.Debug|x64.ActiveCfg = Debug|x64
		{1270B9EB-9630-494A-9DBB-6CF3CD391D29}.Debug|x64.Build.0 = Debug|x64
		{1270B9EB-9630-494A-9DBB-6CF3CD391D29}.Debug|x86.ActiveCfg = Debug|Win32
		{1270B9EB-9630-494A-9DBB-6CF3CD391D29}.Debug|x86.Build.0 = Debug|Win32
		{1270B9EB-9630-494A-9DBB-6CF3CD391D29}.Release|x64.ActiveCfg = Release|x64
		{1270B9EB-9630-494A-9DBB-6CF3CD391D29}.Release|x64.Build.0 = Release|x64
		{1270B9EB-9630-494A-9DBB-6CF3CD391D29}.Release|x86.ActiveCfg = Release|Win32
		{1270B9EB-9630-494A-9DBB-6CF3CD391D29}.Release|x86.Build.0 = Release|Win32
		{9CF2F0A1-B568-46A3-A89C-180C7A09F745}.Debug|x64.ActiveCfg = Debug|x64
		{9CF2F0A1-B568-46A3-A89C-180C7A09F745}.Debug|x64.Build.0 = Debug|x64
		{9CF2F0A1-B568-46A3-A89C-180C7A09F745}.Debug|x86.ActiveCfg = Debug|Win32
		{9CF2F0A1-B568-46A3-A89C-180C7A09F745}.Debug|x86.Build.0 = Debug|Win32
		{9CF2F0A1-B568-46A3-A89C-180C7A09F745}.Release|x64.ActiveCfg = Release|x64
		{9CF2F0A1-B568-46A3-A89C-180C7A09F745}.Release|x64.Build.0 = Release|x64
		{9CF2F0A1-B568-46A3-A89C-180C7A09F745}.Release|x86.ActiveCfg = Release|Win32
		{9CF2F0A1-B568-46A3-A89C-180C7A09F745}.Release|x86.Build.0 = Release|Win32
		{F172A060-0539-4853-A4A2-B4A1172A7ABD}.Debug|x64.ActiveCfg = Debug|x64
		{F172A060-0539-4853-A4A2-B4A1172A7ABD}.Debug|x64.Build.0 = Debug|x64
		{F172A060-0539-4853-A4A2-B4A1172A7ABD}.Debug|x86.ActiveCfg = Debug|Win32
		{F172A060-0539-4853-A4A2-B4A1172A7ABD}.Debug|x86.Build.0 = Debug|Win32
		{F172A060-0539-4853-A4A2-B4A1172A7ABD}.Release|x64.ActiveCfg = Release|x64
		{F172A060-0539-4853-A4A2-B4A1172A7ABD}.Release|x64.Build.0 = Release|x64
		{F172A060-0539-4853-A4A2-B4A1172A7ABD}.Release|x86.ActiveCfg = Release|Win32
		{F172A060-0539-4853-A4A2-B4A1172A7ABD}.Release|x86.Build.0 = Release|Win32
		{ECE23F19-46EC-4548-AF25-EAC4AF241D6E}.Debug|x64.ActiveCfg = Debug|x64
		{ECE23F19-46EC-4548-AF25-EAC4AF241D6E}.Debug|x64.Build.0 = Debug|x64
		{ECE23F19-46EC-4548-AF25-EAC4AF241D6E}.Debug|x86.ActiveCfg = Debug|Win32
		{ECE23F19-46EC-4548-AF25-EAC4AF241D6E}.Debug|x86.Build.0 = Debug|Win32
		{ECE23F19-46EC-4548-AF25-EAC4AF241D6E}.Release|x64.ActiveCfg = Release|x64
		{ECE23F19-46EC-4548-AF25-EAC4AF241D6E}.Release|x64.Build.0 = Release|x64
		{ECE23F19-46EC-4548-AF25-EAC4AF241D6E}.Release|x86.ActiveCfg = Release|Win32
		{ECE23F19-46EC-4548-AF25-EAC4AF241D6E}.Release|x86.Build.0 = Release|Win32
		{1BFC542F-5286-46D8-BB48-A7F9468D496D}.Debug|x64.ActiveCfg = Debug|x64
		{1BFC542F-5286-46D8-BB48-A7F9468D496D}.Debug|x64.Build.0 = Debug|x64
		{1BFC542F-5286-46D8-BB48-A7F9468D496D}.Debug|x86.ActiveCfg = Debug|Win32
		{1BFC542F-5286-46D8-BB48-A7F9468D496D}.Debug|x86.Build.0 = Debug|Win32
		{1BFC542F-5286-46D8-BB48-A7F9468D496D}.Release|x64.ActiveCfg = Release|x64
		{1BFC542F-5286-46D8-BB48-A7F9468D496D}.Release|x64.Build.0 = Release|x64
		{1BFC542F-5286-46D8-BB48-A7F9468D496D}.Release|x86.ActiveCfg = Release|Win32
		{1BFC542F-5286-46D8-BB48-A7F9468D496D}.Release|x86.Build.0 = Release|Win32
		{4C6B1410-6869-4F20-AE0E-8FB9479E0817}.Debug|x64.ActiveCfg = Debug|x64
		{4C6B1410-6869-4F20-AE0E-8FB9479E0817}.Debug|x64.Build.0 = Debug|x64
		{4C6B1410-6869-4F20-AE0E-8FB9479E0817}.Debug|x86.ActiveCfg = Debug|Win32
		{4C6B1410-6869-4F20-AE0E-8FB9479E0817}.Debug|x86.Build.0 = Debug|Win32
		{4C6B1410-6869-4F20-AE0E-8FB9479E0817}.Release|x64.ActiveCfg = Release|x64
		{4C6B1410-6869-4F20-AE0E-8FB9479E0817}.Release|x64.Build.0 = Release|x64
		{4C6B1410-6869-4F20-AE0E-8FB9479E0817}.Release|x86.ActiveCfg = Release|Win32
		{4C6B1410-6869-4F20-AE0E-8FB9479E0817}.Release|x86.Build.0 = Release|Win32
		{A118E54B-875D-47E4-9E75-20C0825CACC3}.Debug|x64.ActiveCfg = Debug|x64
		{A118E54B-875D-47E4-9E75-20C0825CACC3}.Debug|x64.Build.0 = Debug|x64
		{A118E54B-875D-47E4-9E75-20C0825CACC3}.Debug|x86.ActiveCfg = Debug|Win32
		{A118E54B-875D-47E4-9E75-20C0825CACC3}.Debug|x86.Build.0 = Debug|Win32
		{A118E54B-875D-47E4-9E75-20C0825CACC3}.Release|x64.ActiveCfg = Release|x64
		{A118E54B-875D-47E4-9E75-20C0825CACC3}.Release|x64.Build.0 = Release|x64
		{A118E54B-875D-47E4-9E75-20C0825CACC3}.Release|x86.ActiveCfg = Release|Win32
		{A118E54B-875D-47E4-9E75-20C0825CACC3}.Release|x86.Build.0 = Release|Win32
		{27BD048A-CE04-4763-A230-9D84EBF72CE8}.Debug|x64.ActiveCfg = Debug|x64
		{27BD048A-CE04-4763-A230-9D84EBF72CE8}.Debug|x64.Build.0 = Debug|x64
		{27BD048A-CE04-4763-A230-9D84EBF72CE8}.Debug|x86.ActiveCfg = Debug|Win32
		{27BD048A-CE04-4763-A230-9D84EBF72CE8}.Debug|x86.Build.0 = Debug|Win32
		{27BD048A-CE04-4763-A230-9D84EBF72CE8}.Release|x64.ActiveCfg = Release|x64
		{27BD048A-CE04-4763-A230-9D84EBF72CE8}.Release|x64.Build.0 = Release|x64
		{27BD048A-CE04-4763-A230-9D84EBF72CE8}.Release|x86.ActiveCfg = Release|Win32
		{27BD048A-CE04-4763-A230-9D84EBF72CE8}.Release|x86.Build.0 = Release|Win32
		{FE8DEE57-8883-4C29-B9B0-1BFC8776D557}.Debug|x64.ActiveCfg = Debug|x64
		{FE8DEE57-8883-4C29-B9B0-1BFC8776D557}.Debug|x64.Build.0 = Debug|x64
		{FE8DEE57-8883-4C29-B9B0-1BFC8776D557}.Debug|x86.ActiveCfg = Debug|Win32
		{FE8DEE57-8883-4C29-B9B0-1BFC8776D557}.Debug|x86.Build.0 = Debug|Win32
		{FE8DEE57-8883-4C29-B9B0-1BFC8776D557}.Release|x64.ActiveCfg = Release|x64
		{FE8DEE57-8883-4C29-B9B0-1BFC8776D557}.Release|x64.Build.0 = Release|x64
		{FE8DEE57-8883-4C29-B9B0-1BFC8776D557}.Release|x86.ActiveCfg = Release|Win32
		{FE8DEE57-8883-4C29-B9B0-1BFC8776D557}.Release|x86.Build.0 = Release|Win32
		{4C6B1410-6869-4F20-AE0E-8FBF479E0817}.Debug|x64.ActiveCfg = Debug|x64
		{4C6B1410-6869-4F20-AE0E-8FBF479E0817}.Debug|x64.Build.0 = Debug|x64
		{4C6B1410-6869-4F20-AE0E-8FBF479E0817}.Debug|x86.ActiveCfg = Debug|Win32
		{4C6B1410-6869-4F20-AE0E-8FBF479E0817}.Debug|x86.Build.0 = Debug|Win32
		{4C6B1410-6869-4F20-AE0E-8FBF479E0817}.Release|x64.ActiveCfg = Release|x64
		{4C6B1410-6869-4F20-AE0E-8FBF479E0817}.Release|x64.Build.0 = Release|x64
		{4C6B1410-6869-4F20-AE0E-8FBF479E0817}.Release|x86.ActiveCfg = Release|Win32
		{4C6B1410-6869-4F20-AE0E-8FBF479E0817}.Release|x86.Build.0 = Release|Win32
	EndGlobalSection
	GlobalSection(SolutionProperties) = preSolution
		HideSolutionNode = FALSE
	EndGlobalSection
	GlobalSection(ExtensibilityGlobals) = postSolution
		SolutionGuid = {6539D255-DA59-46FF-B8EB-D1CF1757E880}
	EndGlobalSection
EndGlobal
