<?xml version="1.0" encoding="utf-8"?>
<Project ToolsVersion="4.0" xmlns="http://schemas.microsoft.com/developer/msbuild/2003">
  <ItemGroup>
    <Filter Include="Source Files">
      <UniqueIdentifier>{4FC737F1-C7A5-4376-A066-2A32D752A2FF}</UniqueIdentifier>
      <Extensions>cpp;c;cc;cxx;def;odl;idl;hpj;bat;asm;asmx</Extensions>
    </Filter>
    <Filter Include="Header Files">
      <UniqueIdentifier>{93995380-89BD-4b04-88EB-625FBE52EBFB}</UniqueIdentifier>
      <Extensions>h;hh;hpp;hxx;hm;inl;inc;xsd</Extensions>
    </Filter>
    <Filter Include="Resource Files">
      <UniqueIdentifier>{67DA6AB6-F800-4c08-8B7A-83BB121AAD01}</UniqueIdentifier>
      <Extensions>rc;ico;cur;bmp;dlg;rc2;rct;bin;rgs;gif;jpg;jpeg;jpe;resx;tiff;tif;png;wav;mfcribbon-ms</Extensions>
    </Filter>
    <Filter Include="Header Files\system">
      <UniqueIdentifier>{9540edff-8076-4cda-bebd-dac677cb1288}</UniqueIdentifier>
    </Filter>
    <Filter Include="Source Files\system">
      <UniqueIdentifier>{7bf8636c-7d44-4d12-a0ad-e598758f536a}</UniqueIdentifier>
    </Filter>
    <Filter Include="Header Files\input">
      <UniqueIdentifier>{c374a869-4c4d-4085-b1ca-9aa7e86e8181}</UniqueIdentifier>
    </Filter>
    <Filter Include="Source Files\input">
      <UniqueIdentifier>{d9d85c0e-ab6e-45bf-9e39-c9285f229c6e}</UniqueIdentifier>
    </Filter>
    <Filter Include="Header Files\math">
      <UniqueIdentifier>{ea735c5e-9de2-45f6-9307-324a9b52e7c9}</UniqueIdentifier>
    </Filter>
    <Filter Include="Source Files\math">
      <UniqueIdentifier>{62626540-659b-4d37-9e5b-422650e4accc}</UniqueIdentifier>
    </Filter>
    <Filter Include="Header Files\video">
      <UniqueIdentifier>{1a8466b2-9b42-4cba-8ce3-761263679c70}</UniqueIdentifier>
    </Filter>
    <Filter Include="Source Files\video">
      <UniqueIdentifier>{31854b91-7876-4090-b1cf-618dbfab8672}</UniqueIdentifier>
    </Filter>
    <Filter Include="Header Files\util">
      <UniqueIdentifier>{c5365241-ad09-4e65-9db6-0d5e292abe20}</UniqueIdentifier>
    </Filter>
    <Filter Include="Source Files\util">
      <UniqueIdentifier>{8d624be1-eda0-43ea-b0f1-838ae3c4f082}</UniqueIdentifier>
    </Filter>
    <Filter Include="Header Files\engine">
      <UniqueIdentifier>{775d0327-ddfe-4f8e-89af-18d2b2e00549}</UniqueIdentifier>
    </Filter>
    <Filter Include="Source Files\engine">
      <UniqueIdentifier>{ed696220-105e-4b0c-a693-a2181f7c0410}</UniqueIdentifier>
    </Filter>
    <Filter Include="Header Files\video\effects">
      <UniqueIdentifier>{ee9669c1-1821-48a1-80ab-cda471b805b3}</UniqueIdentifier>
    </Filter>
    <Filter Include="Header Files\video\camera">
      <UniqueIdentifier>{c8ff6ffc-6067-4a3e-8878-c1e606057304}</UniqueIdentifier>
    </Filter>
    <Filter Include="Header Files\video\mesh">
      <UniqueIdentifier>{b32134b1-4fea-4c59-9384-efbe0f8646f8}</UniqueIdentifier>
    </Filter>
    <Filter Include="Source Files\video\camera">
      <UniqueIdentifier>{5e9f130a-7f61-4dcc-b039-59ca3835a8b9}</UniqueIdentifier>
    </Filter>
    <Filter Include="Source Files\video\mesh">
      <UniqueIdentifier>{64e5dd1b-c87f-4580-a3d4-1518dc6c4b68}</UniqueIdentifier>
    </Filter>
    <Filter Include="Header Files\collision">
      <UniqueIdentifier>{e9041602-68cf-48c8-8121-b5fee3acc4d2}</UniqueIdentifier>
    </Filter>
    <Filter Include="Source Files\collision">
      <UniqueIdentifier>{9888bb8f-527a-4bd0-9914-60877f892bfc}</UniqueIdentifier>
    </Filter>
    <Filter Include="Source Files\video\effects">
      <UniqueIdentifier>{55aa3012-963e-483f-94dd-095483ff3885}</UniqueIdentifier>
    </Filter>
    <Filter Include="Header Files\audio">
      <UniqueIdentifier>{ab0798fc-0305-4661-a397-22ba6c7b2184}</UniqueIdentifier>
    </Filter>
    <Filter Include="Source Files\audio">
      <UniqueIdentifier>{75f21753-fa1e-4e69-b8f4-bdef6a1954d8}</UniqueIdentifier>
    </Filter>
    <Filter Include="Header Files\ui">
      <UniqueIdentifier>{84d6480c-45c2-4b29-9828-09c64f8a6be3}</UniqueIdentifier>
    </Filter>
    <Filter Include="Source Files\ui">
      <UniqueIdentifier>{51c3a3f8-28e6-4964-94fe-d679234b383e}</UniqueIdentifier>
    </Filter>
  </ItemGroup>
  <ItemGroup>
    <ClInclude Include="..\include\dukat\application.h">
      <Filter>Header Files\system</Filter>
    </ClInclude>
    <ClInclude Include="..\include\dukat\bytestream.h">
      <Filter>Header Files\system</Filter>
    </ClInclude>
    <ClInclude Include="..\include\dukat\log.h">
      <Filter>Header Files\system</Filter>
    </ClInclude>
    <ClInclude Include="..\include\dukat\perfcounter.h">
      <Filter>Header Files\system</Filter>
    </ClInclude>
    <ClInclude Include="..\include\dukat\settings.h">
      <Filter>Header Files\system</Filter>
    </ClInclude>
    <ClInclude Include="..\include\dukat\sysutil.h">
      <Filter>Header Files\system</Filter>
    </ClInclude>
    <ClInclude Include="..\include\dukat\window.h">
      <Filter>Header Files\system</Filter>
    </ClInclude>
    <ClInclude Include="..\include\dukat\devicemanager.h">
      <Filter>Header Files\input</Filter>
    </ClInclude>
    <ClInclude Include="..\include\dukat\gamepaddevice.h">
      <Filter>Header Files\input</Filter>
    </ClInclude>
    <ClInclude Include="..\include\dukat\inputdevice.h">
      <Filter>Header Files\input</Filter>
    </ClInclude>
    <ClInclude Include="..\include\dukat\keyboarddevice.h">
      <Filter>Header Files\input</Filter>
    </ClInclude>
    <ClInclude Include="..\include\dukat\xboxdevice.h">
      <Filter>Header Files\input</Filter>
    </ClInclude>
    <ClInclude Include="..\include\dukat\eulerangles.h">
      <Filter>Header Files\math</Filter>
    </ClInclude>
    <ClInclude Include="..\include\dukat\geometry.h">
      <Filter>Header Files\math</Filter>
    </ClInclude>
    <ClInclude Include="..\include\dukat\mathutil.h">
      <Filter>Header Files\math</Filter>
    </ClInclude>
    <ClInclude Include="..\include\dukat\matrix4.h">
      <Filter>Header Files\math</Filter>
    </ClInclude>
    <ClInclude Include="..\include\dukat\plane.h">
      <Filter>Header Files\math</Filter>
    </ClInclude>
    <ClInclude Include="..\include\dukat\quaternion.h">
      <Filter>Header Files\math</Filter>
    </ClInclude>
    <ClInclude Include="..\include\dukat\vector3.h">
      <Filter>Header Files\math</Filter>
    </ClInclude>
    <ClInclude Include="..\include\dukat\texturecache.h">
      <Filter>Header Files\video</Filter>
    </ClInclude>
    <ClInclude Include="..\include\dukat\surface.h">
      <Filter>Header Files\video</Filter>
    </ClInclude>
    <ClInclude Include="..\include\dukat\transform3.h">
      <Filter>Header Files\math</Filter>
    </ClInclude>
    <ClInclude Include="..\include\dukat\shadercache.h">
      <Filter>Header Files\video</Filter>
    </ClInclude>
    <ClInclude Include="..\include\dukat\buffers.h">
      <Filter>Header Files\video</Filter>
    </ClInclude>
    <ClInclude Include="..\include\dukat\shaderprogram.h">
      <Filter>Header Files\video</Filter>
    </ClInclude>
    <ClInclude Include="..\include\dukat\vertextypes2.h">
      <Filter>Header Files\video</Filter>
    </ClInclude>
    <ClInclude Include="..\include\dukat\renderer2.h">
      <Filter>Header Files\video</Filter>
    </ClInclude>
    <ClInclude Include="..\include\dukat\renderlayer2.h">
      <Filter>Header Files\video</Filter>
    </ClInclude>
    <ClInclude Include="..\include\dukat\sprite.h">
      <Filter>Header Files\video</Filter>
    </ClInclude>
    <ClInclude Include="..\include\dukat\matrix2.h">
      <Filter>Header Files\math</Filter>
    </ClInclude>
    <ClInclude Include="..\include\dukat\ray2.h">
      <Filter>Header Files\math</Filter>
    </ClInclude>
    <ClInclude Include="..\include\dukat\transform2.h">
      <Filter>Header Files\math</Filter>
    </ClInclude>
    <ClInclude Include="..\include\dukat\vector2.h">
      <Filter>Header Files\math</Filter>
    </ClInclude>
    <ClInclude Include="..\include\dukat\ray3.h">
      <Filter>Header Files\math</Filter>
    </ClInclude>
    <ClInclude Include="..\include\dukat\rect.h">
      <Filter>Header Files\math</Filter>
    </ClInclude>
    <ClInclude Include="..\include\dukat\color.h">
      <Filter>Header Files\video</Filter>
    </ClInclude>
    <ClInclude Include="..\include\dukat\light.h">
      <Filter>Header Files\video</Filter>
    </ClInclude>
    <ClInclude Include="..\include\dukat\renderer3.h">
      <Filter>Header Files\video</Filter>
    </ClInclude>
    <ClInclude Include="..\include\dukat\renderer.h">
      <Filter>Header Files\video</Filter>
    </ClInclude>
    <ClInclude Include="..\include\dukat\particle.h">
      <Filter>Header Files\video</Filter>
    </ClInclude>
    <ClInclude Include="..\include\dukat\vertextypes3.h">
      <Filter>Header Files\video</Filter>
    </ClInclude>
    <ClInclude Include="..\include\dukat\particlemanager.h">
      <Filter>Header Files\video</Filter>
    </ClInclude>
    <ClInclude Include="..\include\dukat\material.h">
      <Filter>Header Files\video</Filter>
    </ClInclude>
    <ClInclude Include="..\include\dukat\timermanager.h">
      <Filter>Header Files\system</Filter>
    </ClInclude>
    <ClInclude Include="..\include\dukat\dds.h">
      <Filter>Header Files\util</Filter>
    </ClInclude>
    <ClInclude Include="..\include\dukat\recipient.h">
      <Filter>Header Files\engine</Filter>
    </ClInclude>
    <ClInclude Include="..\include\dukat\game2.h">
      <Filter>Header Files\engine</Filter>
    </ClInclude>
    <ClInclude Include="..\include\dukat\gamebase.h">
      <Filter>Header Files\engine</Filter>
    </ClInclude>
    <ClInclude Include="..\include\dukat\game3.h">
      <Filter>Header Files\engine</Filter>
    </ClInclude>
    <ClInclude Include="..\include\dukat\component.h">
      <Filter>Header Files\engine</Filter>
    </ClInclude>
    <ClInclude Include="..\include\dukat\messenger.h">
      <Filter>Header Files\engine</Filter>
    </ClInclude>
    <ClInclude Include="..\include\dukat\animation.h">
      <Filter>Header Files\system</Filter>
    </ClInclude>
    <ClInclude Include="..\include\dukat\animationmanager.h">
      <Filter>Header Files\system</Filter>
    </ClInclude>
    <ClInclude Include="..\include\dukat\voxmodel.h">
      <Filter>Header Files\util</Filter>
    </ClInclude>
    <ClInclude Include="..\include\dukat\octreenode.h">
      <Filter>Header Files\util</Filter>
    </ClInclude>
    <ClInclude Include="..\include\dukat\texture.h">
      <Filter>Header Files\video</Filter>
    </ClInclude>
    <ClInclude Include="..\include\dukat\heightmap.h">
      <Filter>Header Files\util</Filter>
    </ClInclude>
    <ClInclude Include="..\include\dukat\clipmap.h">
      <Filter>Header Files\video</Filter>
    </ClInclude>
    <ClInclude Include="..\include\dukat\diamondsquaregenerator.h">
      <Filter>Header Files\util</Filter>
    </ClInclude>
    <ClInclude Include="..\include\dukat\heightmapgenerator.h">
      <Filter>Header Files\util</Filter>
    </ClInclude>
    <ClInclude Include="..\include\dukat\orbitallight.h">
      <Filter>Header Files\video</Filter>
    </ClInclude>
    <ClInclude Include="..\include\dukat\environment.h">
      <Filter>Header Files\video</Filter>
    </ClInclude>
    <ClInclude Include="..\include\dukat\transition.h">
      <Filter>Header Files\math</Filter>
    </ClInclude>
    <ClInclude Include="..\include\dukat\model3.h">
      <Filter>Header Files\util</Filter>
    </ClInclude>
    <ClInclude Include="..\include\dukat\modelconverter.h">
      <Filter>Header Files\util</Filter>
    </ClInclude>
    <ClInclude Include="..\include\dukat\ms3dmodel.h">
      <Filter>Header Files\util</Filter>
    </ClInclude>
    <ClInclude Include="..\include\dukat\textureutil.h">
      <Filter>Header Files\util</Filter>
    </ClInclude>
    <ClInclude Include="..\include\dukat\version.h">
      <Filter>Header Files</Filter>
    </ClInclude>
    <ClInclude Include="..\include\dukat\dukat.h">
      <Filter>Header Files</Filter>
    </ClInclude>
    <ClInclude Include="..\include\dukat\shape.h">
      <Filter>Header Files\util</Filter>
    </ClInclude>
    <ClInclude Include="..\include\dukat\mapgraph.h">
      <Filter>Header Files\util</Filter>
    </ClInclude>
    <ClInclude Include="..\include\dukat\mapshape.h">
      <Filter>Header Files\util</Filter>
    </ClInclude>
    <ClInclude Include="..\include\dukat\voronoi.h">
      <Filter>Header Files\math</Filter>
    </ClInclude>
    <ClInclude Include="..\include\dukat\scene.h">
      <Filter>Header Files\engine</Filter>
    </ClInclude>
    <ClInclude Include="..\include\dukat\controller.h">
      <Filter>Header Files\input</Filter>
    </ClInclude>
    <ClInclude Include="..\include\dukat\scene2.h">
      <Filter>Header Files\engine</Filter>
    </ClInclude>
    <ClInclude Include="..\include\dukat\effectpass.h">
      <Filter>Header Files\video</Filter>
    </ClInclude>
    <ClInclude Include="..\include\dukat\effect3.h">
      <Filter>Header Files\video\effects</Filter>
    </ClInclude>
    <ClInclude Include="..\include\dukat\effect2.h">
      <Filter>Header Files\video\effects</Filter>
    </ClInclude>
    <ClInclude Include="..\include\dukat\camera2.h">
      <Filter>Header Files\video\camera</Filter>
    </ClInclude>
    <ClInclude Include="..\include\dukat\camera3.h">
      <Filter>Header Files\video\camera</Filter>
    </ClInclude>
    <ClInclude Include="..\include\dukat\firstpersoncamera3.h">
      <Filter>Header Files\video\camera</Filter>
    </ClInclude>
    <ClInclude Include="..\include\dukat\followercamera3.h">
      <Filter>Header Files\video\camera</Filter>
    </ClInclude>
    <ClInclude Include="..\include\dukat\fixedcamera3.h">
      <Filter>Header Files\video\camera</Filter>
    </ClInclude>
    <ClInclude Include="..\include\dukat\blockbuilder.h">
      <Filter>Header Files\video\mesh</Filter>
    </ClInclude>
    <ClInclude Include="..\include\dukat\gridmesh.h">
      <Filter>Header Files\video\mesh</Filter>
    </ClInclude>
    <ClInclude Include="..\include\dukat\mesh.h">
      <Filter>Header Files\video\mesh</Filter>
    </ClInclude>
    <ClInclude Include="..\include\dukat\meshbuilder2.h">
      <Filter>Header Files\video\mesh</Filter>
    </ClInclude>
    <ClInclude Include="..\include\dukat\meshbuilder3.h">
      <Filter>Header Files\video\mesh</Filter>
    </ClInclude>
    <ClInclude Include="..\include\dukat\meshcache.h">
      <Filter>Header Files\video\mesh</Filter>
    </ClInclude>
    <ClInclude Include="..\include\dukat\meshdata.h">
      <Filter>Header Files\video\mesh</Filter>
    </ClInclude>
    <ClInclude Include="..\include\dukat\meshgroup.h">
      <Filter>Header Files\video\mesh</Filter>
    </ClInclude>
    <ClInclude Include="..\include\dukat\meshinstance.h">
      <Filter>Header Files\video\mesh</Filter>
    </ClInclude>
    <ClInclude Include="..\include\dukat\orbitcamera3.h">
      <Filter>Header Files\video\camera</Filter>
    </ClInclude>
    <ClInclude Include="..\include\dukat\textmeshbuilder.h">
      <Filter>Header Files\video\mesh</Filter>
    </ClInclude>
    <ClInclude Include="..\include\dukat\textmeshinstance.h">
      <Filter>Header Files\video\mesh</Filter>
    </ClInclude>
    <ClInclude Include="..\include\dukat\wavemesh.h">
      <Filter>Header Files\video\mesh</Filter>
    </ClInclude>
    <ClInclude Include="..\include\dukat\boundingsphere.h">
      <Filter>Header Files\collision</Filter>
    </ClInclude>
    <ClInclude Include="..\include\dukat\aabb2.h">
      <Filter>Header Files\collision</Filter>
    </ClInclude>
    <ClInclude Include="..\include\dukat\aabb3.h">
      <Filter>Header Files\collision</Filter>
    </ClInclude>
    <ClInclude Include="..\include\dukat\boundingbody2.h">
      <Filter>Header Files\collision</Filter>
    </ClInclude>
    <ClInclude Include="..\include\dukat\boundingbody3.h">
      <Filter>Header Files\collision</Filter>
    </ClInclude>
    <ClInclude Include="..\include\dukat\obb2.h">
      <Filter>Header Files\collision</Filter>
    </ClInclude>
    <ClInclude Include="..\include\dukat\box2dmanager.h">
      <Filter>Header Files\collision</Filter>
    </ClInclude>
    <ClInclude Include="..\include\dukat\collisionmanager2.h">
      <Filter>Header Files\collision</Filter>
    </ClInclude>
    <ClInclude Include="..\include\dukat\manager.h">
      <Filter>Header Files\engine</Filter>
    </ClInclude>
    <ClInclude Include="..\include\dukat\box2deffect2.h">
      <Filter>Header Files\video\effects</Filter>
    </ClInclude>
    <ClInclude Include="..\include\dukat\quadtree.h">
      <Filter>Header Files\collision</Filter>
    </ClInclude>
    <ClInclude Include="..\include\dukat\debugeffect2.h">
      <Filter>Header Files\video\effects</Filter>
    </ClInclude>
    <ClInclude Include="..\include\dukat\collision.h">
      <Filter>Header Files\collision</Filter>
    </ClInclude>
    <ClInclude Include="..\include\dukat\audiomanager.h">
      <Filter>Header Files\audio</Filter>
    </ClInclude>
    <ClInclude Include="..\include\dukat\audiocache.h">
      <Filter>Header Files\audio</Filter>
    </ClInclude>
    <ClInclude Include="..\include\dukat\mirroreffect2.h">
      <Filter>Header Files\video\effects</Filter>
    </ClInclude>
    <ClInclude Include="..\include\dukat\assetloader.h">
      <Filter>Header Files\system</Filter>
    </ClInclude>
    <ClInclude Include="..\include\dukat\boundingcircle.h">
      <Filter>Header Files\collision</Filter>
    </ClInclude>
    <ClInclude Include="..\include\dukat\uimanager.h">
      <Filter>Header Files\ui</Filter>
    </ClInclude>
    <ClInclude Include="..\include\dukat\uicontrol.h">
      <Filter>Header Files\ui</Filter>
    </ClInclude>
    <ClInclude Include="..\include\dukat\textbutton.h">
      <Filter>Header Files\ui</Filter>
    </ClInclude>
    <ClInclude Include="..\include\dukat\bit.h">
      <Filter>Header Files\system</Filter>
    </ClInclude>
    <ClInclude Include="..\include\dukat\cameraeffect2.h">
      <Filter>Header Files\video\camera</Filter>
    </ClInclude>
    <ClInclude Include="..\include\dukat\shakycameraeffect.h">
      <Filter>Header Files\video\camera</Filter>
    </ClInclude>
    <ClInclude Include="..\include\dukat\objectpool.h">
      <Filter>Header Files\engine</Filter>
    </ClInclude>
    <ClInclude Include="..\include\dukat\particleemitter.h">
      <Filter>Header Files\video</Filter>
    </ClInclude>
    <ClInclude Include="..\include\dukat\fullscreeneffect2.h">
      <Filter>Header Files\video\effects</Filter>
    </ClInclude>
    <ClInclude Include="..\include\dukat\string.h">
      <Filter>Header Files\util</Filter>
    </ClInclude>
    <ClInclude Include="..\include\dukat\json.h">
      <Filter>Header Files\util</Filter>
    </ClInclude>
    <ClInclude Include="..\include\dukat\followercamera2.h">
      <Filter>Header Files\video\camera</Filter>
    </ClInclude>
    <ClInclude Include="..\include\dukat\rand.h">
      <Filter>Header Files\math</Filter>
    </ClInclude>
    <ClInclude Include="..\include\dukat\shadoweffect2.h">
      <Filter>Header Files\video\effects</Filter>
    </ClInclude>
    <ClInclude Include="..\include\dukat\sdlutil.h">
      <Filter>Header Files\system</Filter>
    </ClInclude>
    <ClInclude Include="..\include\dukat\textureatlas.h">
      <Filter>Header Files\util</Filter>
    </ClInclude>
    <ClInclude Include="..\src\stdafx.h">
      <Filter>Header Files</Filter>
    </ClInclude>
    <ClInclude Include="..\include\dukat\fsm.h">
      <Filter>Header Files\util</Filter>
    </ClInclude>
    <ClInclude Include="..\include\dukat\inputrecorder.h">
      <Filter>Header Files\input</Filter>
    </ClInclude>
    <ClInclude Include="..\include\dukat\inputstate.h">
      <Filter>Header Files\input</Filter>
    </ClInclude>
    <ClInclude Include="..\include\dukat\playbackdevice.h">
      <Filter>Header Files\input</Filter>
    </ClInclude>
    <ClInclude Include="..\include\dukat\renderstage2.h">
      <Filter>Header Files\video</Filter>
    </ClInclude>
    <ClInclude Include="..\include\dukat\animationsequence.h">
      <Filter>Header Files\system</Filter>
    </ClInclude>
    <ClInclude Include="..\include\dukat\bitmapfont.h">
      <Filter>Header Files\util</Filter>
    </ClInclude>
    <ClInclude Include="..\include\dukat\fontcache.h">
      <Filter>Header Files\util</Filter>
    </ClInclude>
    <ClInclude Include="..\include\dukat\feedback.h">
      <Filter>Header Files\input</Filter>
    </ClInclude>
    <ClInclude Include="..\src\targetver.h">
      <Filter>Header Files</Filter>
    </ClInclude>
    <ClInclude Include="..\include\dukat\circularbuffer.h">
      <Filter>Header Files\util</Filter>
    </ClInclude>
  </ItemGroup>
  <ItemGroup>
    <ClCompile Include="..\src\stdafx.cpp">
      <Filter>Source Files</Filter>
    </ClCompile>
    <ClCompile Include="..\src\application.cpp">
      <Filter>Source Files\system</Filter>
    </ClCompile>
    <ClCompile Include="..\src\log.cpp">
      <Filter>Source Files\system</Filter>
    </ClCompile>
    <ClCompile Include="..\src\perfcounter.cpp">
      <Filter>Source Files\system</Filter>
    </ClCompile>
    <ClCompile Include="..\src\settings.cpp">
      <Filter>Source Files\system</Filter>
    </ClCompile>
    <ClCompile Include="..\src\sysutil.cpp">
      <Filter>Source Files\system</Filter>
    </ClCompile>
    <ClCompile Include="..\src\window.cpp">
      <Filter>Source Files\system</Filter>
    </ClCompile>
    <ClCompile Include="..\src\devicemanager.cpp">
      <Filter>Source Files\input</Filter>
    </ClCompile>
    <ClCompile Include="..\src\gamepaddevice.cpp">
      <Filter>Source Files\input</Filter>
    </ClCompile>
    <ClCompile Include="..\src\inputdevice.cpp">
      <Filter>Source Files\input</Filter>
    </ClCompile>
    <ClCompile Include="..\src\keyboarddevice.cpp">
      <Filter>Source Files\input</Filter>
    </ClCompile>
    <ClCompile Include="..\src\xboxdevice.cpp">
      <Filter>Source Files\input</Filter>
    </ClCompile>
    <ClCompile Include="..\src\matrix4.cpp">
      <Filter>Source Files\math</Filter>
    </ClCompile>
    <ClCompile Include="..\src\quaternion.cpp">
      <Filter>Source Files\math</Filter>
    </ClCompile>
    <ClCompile Include="..\src\vector3.cpp">
      <Filter>Source Files\math</Filter>
    </ClCompile>
    <ClCompile Include="..\src\eulerangles.cpp">
      <Filter>Source Files\math</Filter>
    </ClCompile>
    <ClCompile Include="..\src\geometry.cpp">
      <Filter>Source Files\math</Filter>
    </ClCompile>
    <ClCompile Include="..\src\mathutil.cpp">
      <Filter>Source Files\math</Filter>
    </ClCompile>
    <ClCompile Include="..\src\texturecache.cpp">
      <Filter>Source Files\video</Filter>
    </ClCompile>
    <ClCompile Include="..\src\surface.cpp">
      <Filter>Source Files\video</Filter>
    </ClCompile>
    <ClCompile Include="..\src\transform3.cpp">
      <Filter>Source Files\math</Filter>
    </ClCompile>
    <ClCompile Include="..\src\shadercache.cpp">
      <Filter>Source Files\video</Filter>
    </ClCompile>
    <ClCompile Include="..\src\buffers.cpp">
      <Filter>Source Files\video</Filter>
    </ClCompile>
    <ClCompile Include="..\src\shaderprogram.cpp">
      <Filter>Source Files\video</Filter>
    </ClCompile>
    <ClCompile Include="..\src\renderer2.cpp">
      <Filter>Source Files\video</Filter>
    </ClCompile>
    <ClCompile Include="..\src\renderlayer2.cpp">
      <Filter>Source Files\video</Filter>
    </ClCompile>
    <ClCompile Include="..\src\sprite.cpp">
      <Filter>Source Files\video</Filter>
    </ClCompile>
    <ClCompile Include="..\src\matrix2.cpp">
      <Filter>Source Files\math</Filter>
    </ClCompile>
    <ClCompile Include="..\src\vector2.cpp">
      <Filter>Source Files\math</Filter>
    </ClCompile>
    <ClCompile Include="..\src\ray3.cpp">
      <Filter>Source Files\math</Filter>
    </ClCompile>
    <ClCompile Include="..\src\renderer3.cpp">
      <Filter>Source Files\video</Filter>
    </ClCompile>
    <ClCompile Include="..\src\renderer.cpp">
      <Filter>Source Files\video</Filter>
    </ClCompile>
    <ClCompile Include="..\src\particlemanager.cpp">
      <Filter>Source Files\video</Filter>
    </ClCompile>
    <ClCompile Include="..\src\timermanager.cpp">
      <Filter>Source Files\system</Filter>
    </ClCompile>
    <ClCompile Include="..\src\dds.cpp">
      <Filter>Source Files\util</Filter>
    </ClCompile>
    <ClCompile Include="..\src\gamebase.cpp">
      <Filter>Source Files\engine</Filter>
    </ClCompile>
    <ClCompile Include="..\src\game2.cpp">
      <Filter>Source Files\engine</Filter>
    </ClCompile>
    <ClCompile Include="..\src\game3.cpp">
      <Filter>Source Files\engine</Filter>
    </ClCompile>
    <ClCompile Include="..\src\messenger.cpp">
      <Filter>Source Files\engine</Filter>
    </ClCompile>
    <ClCompile Include="..\src\animationmanager.cpp">
      <Filter>Source Files\system</Filter>
    </ClCompile>
    <ClCompile Include="..\src\voxmodel.cpp">
      <Filter>Source Files\util</Filter>
    </ClCompile>
    <ClCompile Include="..\src\texture.cpp">
      <Filter>Source Files\video</Filter>
    </ClCompile>
    <ClCompile Include="..\src\heightmap.cpp">
      <Filter>Source Files\util</Filter>
    </ClCompile>
    <ClCompile Include="..\src\clipmap.cpp">
      <Filter>Source Files\video</Filter>
    </ClCompile>
    <ClCompile Include="..\src\diamondsquaregenerator.cpp">
      <Filter>Source Files\util</Filter>
    </ClCompile>
    <ClCompile Include="..\src\environment.cpp">
      <Filter>Source Files\video</Filter>
    </ClCompile>
    <ClCompile Include="..\src\model3.cpp">
      <Filter>Source Files\util</Filter>
    </ClCompile>
    <ClCompile Include="..\src\ms3dmodel.cpp">
      <Filter>Source Files\util</Filter>
    </ClCompile>
    <ClCompile Include="..\src\textureutil.cpp">
      <Filter>Source Files\util</Filter>
    </ClCompile>
    <ClCompile Include="..\src\mapgraph.cpp">
      <Filter>Source Files\util</Filter>
    </ClCompile>
    <ClCompile Include="..\src\voronoi.cpp">
      <Filter>Source Files\math</Filter>
    </ClCompile>
    <ClCompile Include="..\src\scene2.cpp">
      <Filter>Source Files\engine</Filter>
    </ClCompile>
    <ClCompile Include="..\src\effectpass.cpp">
      <Filter>Source Files\video</Filter>
    </ClCompile>
    <ClCompile Include="..\src\firstpersoncamera3.cpp">
      <Filter>Source Files\video\camera</Filter>
    </ClCompile>
    <ClCompile Include="..\src\fixedcamera3.cpp">
      <Filter>Source Files\video\camera</Filter>
    </ClCompile>
    <ClCompile Include="..\src\orbitcamera3.cpp">
      <Filter>Source Files\video\camera</Filter>
    </ClCompile>
    <ClCompile Include="..\src\camera2.cpp">
      <Filter>Source Files\video\camera</Filter>
    </ClCompile>
    <ClCompile Include="..\src\camera3.cpp">
      <Filter>Source Files\video\camera</Filter>
    </ClCompile>
    <ClCompile Include="..\src\wavemesh.cpp">
      <Filter>Source Files\video\mesh</Filter>
    </ClCompile>
    <ClCompile Include="..\src\meshinstance.cpp">
      <Filter>Source Files\video\mesh</Filter>
    </ClCompile>
    <ClCompile Include="..\src\meshgroup.cpp">
      <Filter>Source Files\video\mesh</Filter>
    </ClCompile>
    <ClCompile Include="..\src\meshdata.cpp">
      <Filter>Source Files\video\mesh</Filter>
    </ClCompile>
    <ClCompile Include="..\src\meshcache.cpp">
      <Filter>Source Files\video\mesh</Filter>
    </ClCompile>
    <ClCompile Include="..\src\meshbuilder3.cpp">
      <Filter>Source Files\video\mesh</Filter>
    </ClCompile>
    <ClCompile Include="..\src\meshbuilder2.cpp">
      <Filter>Source Files\video\mesh</Filter>
    </ClCompile>
    <ClCompile Include="..\src\gridmesh.cpp">
      <Filter>Source Files\video\mesh</Filter>
    </ClCompile>
    <ClCompile Include="..\src\blockbuilder.cpp">
      <Filter>Source Files\video\mesh</Filter>
    </ClCompile>
    <ClCompile Include="..\src\aabb2.cpp">
      <Filter>Source Files\collision</Filter>
    </ClCompile>
    <ClCompile Include="..\src\aabb3.cpp">
      <Filter>Source Files\collision</Filter>
    </ClCompile>
    <ClCompile Include="..\src\boundingsphere.cpp">
      <Filter>Source Files\collision</Filter>
    </ClCompile>
    <ClCompile Include="..\src\obb2.cpp">
      <Filter>Source Files\collision</Filter>
    </ClCompile>
    <ClCompile Include="..\src\box2dmanager.cpp">
      <Filter>Source Files\collision</Filter>
    </ClCompile>
    <ClCompile Include="..\src\box2deffect2.cpp">
      <Filter>Source Files\video\effects</Filter>
    </ClCompile>
    <ClCompile Include="..\src\collisionmanager2.cpp">
      <Filter>Source Files\collision</Filter>
    </ClCompile>
    <ClCompile Include="..\src\debugeffect2.cpp">
      <Filter>Source Files\video\effects</Filter>
    </ClCompile>
    <ClCompile Include="..\src\audiomanager.cpp">
      <Filter>Source Files\audio</Filter>
    </ClCompile>
    <ClCompile Include="..\src\audiocache.cpp">
      <Filter>Source Files\audio</Filter>
    </ClCompile>
    <ClCompile Include="..\src\mirroreffect2.cpp">
      <Filter>Source Files\video\effects</Filter>
    </ClCompile>
    <ClCompile Include="..\src\assetloader.cpp">
      <Filter>Source Files\system</Filter>
    </ClCompile>
    <ClCompile Include="..\src\boundingcircle.cpp">
      <Filter>Source Files\collision</Filter>
    </ClCompile>
    <ClCompile Include="..\src\uimanager.cpp">
      <Filter>Source Files\ui</Filter>
    </ClCompile>
    <ClCompile Include="..\src\textbutton.cpp">
      <Filter>Source Files\ui</Filter>
    </ClCompile>
    <ClCompile Include="..\src\bit.cpp">
      <Filter>Source Files\system</Filter>
    </ClCompile>
    <ClCompile Include="..\src\shakycameraeffect.cpp">
      <Filter>Source Files\video\camera</Filter>
    </ClCompile>
    <ClCompile Include="..\src\particleemitter.cpp">
      <Filter>Source Files\video</Filter>
    </ClCompile>
    <ClCompile Include="..\src\fullscreeneffect2.cpp">
      <Filter>Source Files\video\effects</Filter>
    </ClCompile>
    <ClCompile Include="..\src\string.cpp">
      <Filter>Source Files\util</Filter>
    </ClCompile>
    <ClCompile Include="..\src\json.cpp">
      <Filter>Source Files\util</Filter>
    </ClCompile>
    <ClCompile Include="..\src\shadoweffect2.cpp">
      <Filter>Source Files\video\effects</Filter>
    </ClCompile>
    <ClCompile Include="..\src\sdlutil.cpp">
      <Filter>Source Files\system</Filter>
    </ClCompile>
    <ClCompile Include="..\src\textureatlas.cpp">
      <Filter>Source Files\util</Filter>
    </ClCompile>
    <ClCompile Include="..\src\inputrecorder.cpp">
      <Filter>Source Files\input</Filter>
    </ClCompile>
    <ClCompile Include="..\src\playbackdevice.cpp">
      <Filter>Source Files\input</Filter>
    </ClCompile>
    <ClCompile Include="..\src\textmeshinstance.cpp">
      <Filter>Source Files\video\mesh</Filter>
    </ClCompile>
    <ClCompile Include="..\src\textmeshbuilder.cpp">
      <Filter>Source Files\video\mesh</Filter>
    </ClCompile>
    <ClCompile Include="..\src\animationsequence.cpp">
      <Filter>Source Files\system</Filter>
    </ClCompile>
    <ClCompile Include="..\src\bitmapfont.cpp">
      <Filter>Source Files\util</Filter>
    </ClCompile>
    <ClCompile Include="..\src\fontcache.cpp">
      <Filter>Source Files\util</Filter>
    </ClCompile>
    <ClCompile Include="..\src\feedback.cpp">
      <Filter>Source Files\input</Filter>
    </ClCompile>
  </ItemGroup>
</Project>